
Microsoft Visual Studio Solution File, Format Version 12.00
# Visual Studio Version 17
VisualStudioVersion = 17.14.36301.6 d17.14
MinimumVisualStudioVersion = 10.0.40219.1
Project("{8BC9CEB8-8B4A-11D0-8D11-00A0C91BC942}") = "Stone - Paper - Scissor", "Stone - Paper - Scissor\Stone - Paper - Scissor.vcxproj", "{E5FD8DD1-F46B-4C2F-9628-FB54A9B146D0}"
EndProject
Global
	GlobalSection(SolutionConfigurationPlatforms) = preSolution
		Debug|x64 = Debug|x64
		Debug|x86 = Debug|x86
		Release|x64 = Release|x64
		Release|x86 = Release|x86
	EndGlobalSection
	GlobalSection(ProjectConfigurationPlatforms) = postSolution
		{E5FD8DD1-F46B-4C2F-9628-FB54A9B146D0}.Debug|x64.ActiveCfg = Debug|x64
		{E5FD8DD1-F46B-4C2F-9628-FB54A9B146D0}.Debug|x64.Build.0 = Debug|x64
		{E5FD8DD1-F46B-4C2F-9628-FB54A9B146D0}.Debug|x86.ActiveCfg = Debug|Win32
		{E5FD8DD1-F46B-4C2F-9628-FB54A9B146D0}.Debug|x86.Build.0 = Debug|Win32
		{E5FD8DD1-F46B-4C2F-9628-FB54A9B146D0}.Release|x64.ActiveCfg = Release|x64
		{E5FD8DD1-F46B-4C2F-9628-FB54A9B146D0}.Release|x64.Build.0 = Release|x64
		{E5FD8DD1-F46B-4C2F-9628-FB54A9B146D0}.Release|x86.ActiveCfg = Release|Win32
		{E5FD8DD1-F46B-4C2F-9628-FB54A9B146D0}.Release|x86.Build.0 = Release|Win32
	EndGlobalSection
	GlobalSection(SolutionProperties) = preSolution
		HideSolutionNode = FALSE
	EndGlobalSection
	GlobalSection(ExtensibilityGlobals) = postSolution
		SolutionGuid = {B65D0E55-50C1-4EF5-A16B-68F173E09806}
	EndGlobalSection
EndGlobal
